// !$*UTF8*$!
{
	archiveVersion = 1;
	classes = {
	};
	objectVersion = 56;
	objects = {

/* Begin PBXBuildFile section */
		41D487C72C70DDAA007855B7 /* HomeWorkWB5App.swift in Sources */ = {isa = PBXBuildFile; fileRef = 41D487C62C70DDAA007855B7 /* HomeWorkWB5App.swift */; };
		41D487C92C70DDAA007855B7 /* MainView.swift in Sources */ = {isa = PBXBuildFile; fileRef = 41D487C82C70DDAA007855B7 /* MainView.swift */; };
		41D487CB2C70DDAC007855B7 /* Assets.xcassets in Resources */ = {isa = PBXBuildFile; fileRef = 41D487CA2C70DDAC007855B7 /* Assets.xcassets */; };
		41D487CE2C70DDAC007855B7 /* Preview Assets.xcassets in Resources */ = {isa = PBXBuildFile; fileRef = 41D487CD2C70DDAC007855B7 /* Preview Assets.xcassets */; };
		41D487D82C70DF5A007855B7 /* Localizable.strings in Resources */ = {isa = PBXBuildFile; fileRef = 41D487DA2C70DF5A007855B7 /* Localizable.strings */; };
		41D487DF2C70E091007855B7 /* DateView.swift in Sources */ = {isa = PBXBuildFile; fileRef = 41D487DE2C70E091007855B7 /* DateView.swift */; };
		41D487E12C70E0A2007855B7 /* DistanceView.swift in Sources */ = {isa = PBXBuildFile; fileRef = 41D487E02C70E0A2007855B7 /* DistanceView.swift */; };
		41D487E32C70E0B1007855B7 /* LocalizationManager.swift in Sources */ = {isa = PBXBuildFile; fileRef = 41D487E22C70E0B1007855B7 /* LocalizationManager.swift */; };
/* End PBXBuildFile section */

/* Begin PBXFileReference section */
		41D487C32C70DDAA007855B7 /* HomeWorkWB5.app */ = {isa = PBXFileReference; explicitFileType = wrapper.application; includeInIndex = 0; path = HomeWorkWB5.app; sourceTree = BUILT_PRODUCTS_DIR; };
		41D487C62C70DDAA007855B7 /* HomeWorkWB5App.swift */ = {isa = PBXFileReference; lastKnownFileType = sourcecode.swift; path = HomeWorkWB5App.swift; sourceTree = "<group>"; };
		41D487C82C70DDAA007855B7 /* MainView.swift */ = {isa = PBXFileReference; lastKnownFileType = sourcecode.swift; path = MainView.swift; sourceTree = "<group>"; };
		41D487CA2C70DDAC007855B7 /* Assets.xcassets */ = {isa = PBXFileReference; lastKnownFileType = folder.assetcatalog; path = Assets.xcassets; sourceTree = "<group>"; };
		41D487CD2C70DDAC007855B7 /* Preview Assets.xcassets */ = {isa = PBXFileReference; lastKnownFileType = folder.assetcatalog; path = "Preview Assets.xcassets"; sourceTree = "<group>"; };
		41D487D92C70DF5A007855B7 /* en */ = {isa = PBXFileReference; lastKnownFileType = text.plist.strings; name = en; path = en.lproj/Localizable.strings; sourceTree = "<group>"; };
		41D487DD2C70E018007855B7 /* ru */ = {isa = PBXFileReference; lastKnownFileType = text.plist.strings; name = ru; path = ru.lproj/Localizable.strings; sourceTree = "<group>"; };
		41D487DE2C70E091007855B7 /* DateView.swift */ = {isa = PBXFileReference; lastKnownFileType = sourcecode.swift; path = DateView.swift; sourceTree = "<group>"; };
		41D487E02C70E0A2007855B7 /* DistanceView.swift */ = {isa = PBXFileReference; lastKnownFileType = sourcecode.swift; path = DistanceView.swift; sourceTree = "<group>"; };
		41D487E22C70E0B1007855B7 /* LocalizationManager.swift */ = {isa = PBXFileReference; lastKnownFileType = sourcecode.swift; path = LocalizationManager.swift; sourceTree = "<group>"; };
/* End PBXFileReference section */

/* Begin PBXFrameworksBuildPhase section */
		41D487C02C70DDAA007855B7 /* Frameworks */ = {
			isa = PBXFrameworksBuildPhase;
			buildActionMask = 2147483647;
			files = (
			);
			runOnlyForDeploymentPostprocessing = 0;
		};
/* End PBXFrameworksBuildPhase section */

/* Begin PBXGroup section */
		41D487BA2C70DDA9007855B7 = {
			isa = PBXGroup;
			children = (
				41D487C52C70DDAA007855B7 /* HomeWorkWB5 */,
				41D487C42C70DDAA007855B7 /* Products */,
			);
			sourceTree = "<group>";
		};
		41D487C42C70DDAA007855B7 /* Products */ = {
			isa = PBXGroup;
			children = (
				41D487C32C70DDAA007855B7 /* HomeWorkWB5.app */,
			);
			name = Products;
			sourceTree = "<group>";
		};
		41D487C52C70DDAA007855B7 /* HomeWorkWB5 */ = {
			isa = PBXGroup;
			children = (
				41D487C62C70DDAA007855B7 /* HomeWorkWB5App.swift */,
				41D487C82C70DDAA007855B7 /* MainView.swift */,
				41D487E22C70E0B1007855B7 /* LocalizationManager.swift */,
				41D487E62C70EA48007855B7 /* Views */,
				41D487CA2C70DDAC007855B7 /* Assets.xcassets */,
				41D487CC2C70DDAC007855B7 /* Preview Content */,
				41D487DA2C70DF5A007855B7 /* Localizable.strings */,
			);
			path = HomeWorkWB5;
			sourceTree = "<group>";
		};
		41D487CC2C70DDAC007855B7 /* Preview Content */ = {
			isa = PBXGroup;
			children = (
				41D487CD2C70DDAC007855B7 /* Preview Assets.xcassets */,
			);
			path = "Preview Content";
			sourceTree = "<group>";
		};
		41D487E62C70EA48007855B7 /* Views */ = {
			isa = PBXGroup;
			children = (
				41D487DE2C70E091007855B7 /* DateView.swift */,
				41D487E02C70E0A2007855B7 /* DistanceView.swift */,
			);
			path = Views;
			sourceTree = "<group>";
		};
/* End PBXGroup section */

/* Begin PBXNativeTarget section */
		41D487C22C70DDAA007855B7 /* HomeWorkWB5 */ = {
			isa = PBXNativeTarget;
			buildConfigurationList = 41D487D12C70DDAC007855B7 /* Build configuration list for PBXNativeTarget "HomeWorkWB5" */;
			buildPhases = (
				41D487BF2C70DDAA007855B7 /* Sources */,
				41D487C02C70DDAA007855B7 /* Frameworks */,
				41D487C12C70DDAA007855B7 /* Resources */,
			);
			buildRules = (
			);
			dependencies = (
			);
			name = HomeWorkWB5;
			productName = HomeWorkWB5;
			productReference = 41D487C32C70DDAA007855B7 /* HomeWorkWB5.app */;
			productType = "com.apple.product-type.application";
		};
/* End PBXNativeTarget section */

/* Begin PBXProject section */
		41D487BB2C70DDA9007855B7 /* Project object */ = {
			isa = PBXProject;
			attributes = {
				BuildIndependentTargetsInParallel = 1;
				LastSwiftUpdateCheck = 1520;
				LastUpgradeCheck = 1520;
				TargetAttributes = {
					41D487C22C70DDAA007855B7 = {
						CreatedOnToolsVersion = 15.2;
					};
				};
			};
			buildConfigurationList = 41D487BE2C70DDAA007855B7 /* Build configuration list for PBXProject "HomeWorkWB5" */;
			compatibilityVersion = "Xcode 14.0";
			developmentRegion = en;
			hasScannedForEncodings = 0;
			knownRegions = (
				en,
				Base,
				ru,
			);
			mainGroup = 41D487BA2C70DDA9007855B7;
			productRefGroup = 41D487C42C70DDAA007855B7 /* Products */;
			projectDirPath = "";
			projectRoot = "";
			targets = (
				41D487C22C70DDAA007855B7 /* HomeWorkWB5 */,
			);
		};
/* End PBXProject section */

/* Begin PBXResourcesBuildPhase section */
		41D487C12C70DDAA007855B7 /* Resources */ = {
			isa = PBXResourcesBuildPhase;
			buildActionMask = 2147483647;
			files = (
				41D487CE2C70DDAC007855B7 /* Preview Assets.xcassets in Resources */,
				41D487D82C70DF5A007855B7 /* Localizable.strings in Resources */,
				41D487CB2C70DDAC007855B7 /* Assets.xcassets in Resources */,
			);
			runOnlyForDeploymentPostprocessing = 0;
		};
/* End PBXResourcesBuildPhase section */

/* Begin PBXSourcesBuildPhase section */
		41D487BF2C70DDAA007855B7 /* Sources */ = {
			isa = PBXSourcesBuildPhase;
			buildActionMask = 2147483647;
			files = (
				41D487DF2C70E091007855B7 /* DateView.swift in Sources */,
				41D487E32C70E0B1007855B7 /* LocalizationManager.swift in Sources */,
				41D487C92C70DDAA007855B7 /* MainView.swift in Sources */,
				41D487C72C70DDAA007855B7 /* HomeWorkWB5App.swift in Sources */,
				41D487E12C70E0A2007855B7 /* DistanceView.swift in Sources */,
			);
			runOnlyForDeploymentPostprocessing = 0;
		};
/* End PBXSourcesBuildPhase section */

/* Begin PBXVariantGroup section */
		41D487DA2C70DF5A007855B7 /* Localizable.strings */ = {
			isa = PBXVariantGroup;
			children = (
				41D487D92C70DF5A007855B7 /* en */,
				41D487DD2C70E018007855B7 /* ru */,
			);
			name = Localizable.strings;
			sourceTree = "<group>";
		};
/* End PBXVariantGroup section */

/* Begin XCBuildConfiguration section */
		41D487CF2C70DDAC007855B7 /* Debug */ = {
			isa = XCBuildConfiguration;
			buildSettings = {
				ALWAYS_SEARCH_USER_PATHS = NO;
				ASSETCATALOG_COMPILER_GENERATE_SWIFT_ASSET_SYMBOL_EXTENSIONS = YES;
				CLANG_ANALYZER_LOCALIZABILITY_NONLOCALIZED = YES;
				CLANG_ANALYZER_NONNULL = YES;
				CLANG_ANALYZER_NUMBER_OBJECT_CONVERSION = YES_AGGRESSIVE;
				CLANG_CXX_LANGUAGE_STANDARD = "gnu++20";
				CLANG_ENABLE_MODULES = YES;
				CLANG_ENABLE_OBJC_ARC = YES;
				CLANG_ENABLE_OBJC_WEAK = YES;
				CLANG_WARN_BLOCK_CAPTURE_AUTORELEASING = YES;
				CLANG_WARN_BOOL_CONVERSION = YES;
				CLANG_WARN_COMMA = YES;
				CLANG_WARN_CONSTANT_CONVERSION = YES;
				CLANG_WARN_DEPRECATED_OBJC_IMPLEMENTATIONS = YES;
				CLANG_WARN_DIRECT_OBJC_ISA_USAGE = YES_ERROR;
				CLANG_WARN_DOCUMENTATION_COMMENTS = YES;
				CLANG_WARN_EMPTY_BODY = YES;
				CLANG_WARN_ENUM_CONVERSION = YES;
				CLANG_WARN_INFINITE_RECURSION = YES;
				CLANG_WARN_INT_CONVERSION = YES;
				CLANG_WARN_NON_LITERAL_NULL_CONVERSION = YES;
				CLANG_WARN_OBJC_IMPLICIT_RETAIN_SELF = YES;
				CLANG_WARN_OBJC_LITERAL_CONVERSION = YES;
				CLANG_WARN_OBJC_ROOT_CLASS = YES_ERROR;
				CLANG_WARN_QUOTED_INCLUDE_IN_FRAMEWORK_HEADER = YES;
				CLANG_WARN_RANGE_LOOP_ANALYSIS = YES;
				CLANG_WARN_STRICT_PROTOTYPES = YES;
				CLANG_WARN_SUSPICIOUS_MOVE = YES;
				CLANG_WARN_UNGUARDED_AVAILABILITY = YES_AGGRESSIVE;
				CLANG_WARN_UNREACHABLE_CODE = YES;
				CLANG_WARN__DUPLICATE_METHOD_MATCH = YES;
				COPY_PHASE_STRIP = NO;
				DEBUG_INFORMATION_FORMAT = dwarf;
				ENABLE_STRICT_OBJC_MSGSEND = YES;
				ENABLE_TESTABILITY = YES;
				ENABLE_USER_SCRIPT_SANDBOXING = YES;
				GCC_C_LANGUAGE_STANDARD = gnu17;
				GCC_DYNAMIC_NO_PIC = NO;
				GCC_NO_COMMON_BLOCKS = YES;
				GCC_OPTIMIZATION_LEVEL = 0;
				GCC_PREPROCESSOR_DEFINITIONS = (
					"DEBUG=1",
					"$(inherited)",
				);
				GCC_WARN_64_TO_32_BIT_CONVERSION = YES;
				GCC_WARN_ABOUT_RETURN_TYPE = YES_ERROR;
				GCC_WARN_UNDECLARED_SELECTOR = YES;
				GCC_WARN_UNINITIALIZED_AUTOS = YES_AGGRESSIVE;
				GCC_WARN_UNUSED_FUNCTION = YES;
				GCC_WARN_UNUSED_VARIABLE = YES;
				IPHONEOS_DEPLOYMENT_TARGET = 17.2;
				LOCALIZATION_PREFERS_STRING_CATALOGS = YES;
				MTL_ENABLE_DEBUG_INFO = INCLUDE_SOURCE;
				MTL_FAST_MATH = YES;
				ONLY_ACTIVE_ARCH = YES;
				SDKROOT = iphoneos;
				SWIFT_ACTIVE_COMPILATION_CONDITIONS = "DEBUG $(inherited)";
				SWIFT_OPTIMIZATION_LEVEL = "-Onone";
			};
			name = Debug;
		};
		41D487D02C70DDAC007855B7 /* Release */ = {
			isa = XCBuildConfiguration;
			buildSettings = {
				ALWAYS_SEARCH_USER_PATHS = NO;
				ASSETCATALOG_COMPILER_GENERATE_SWIFT_ASSET_SYMBOL_EXTENSIONS = YES;
				CLANG_ANALYZER_LOCALIZABILITY_NONLOCALIZED = YES;
				CLANG_ANALYZER_NONNULL = YES;
				CLANG_ANALYZER_NUMBER_OBJECT_CONVERSION = YES_AGGRESSIVE;
				CLANG_CXX_LANGUAGE_STANDARD = "gnu++20";
				CLANG_ENABLE_MODULES = YES;
				CLANG_ENABLE_OBJC_ARC = YES;
				CLANG_ENABLE_OBJC_WEAK = YES;
				CLANG_WARN_BLOCK_CAPTURE_AUTORELEASING = YES;
				CLANG_WARN_BOOL_CONVERSION = YES;
				CLANG_WARN_COMMA = YES;
				CLANG_WARN_CONSTANT_CONVERSION = YES;
				CLANG_WARN_DEPRECATED_OBJC_IMPLEMENTATIONS = YES;
				CLANG_WARN_DIRECT_OBJC_ISA_USAGE = YES_ERROR;
				CLANG_WARN_DOCUMENTATION_COMMENTS = YES;
				CLANG_WARN_EMPTY_BODY = YES;
				CLANG_WARN_ENUM_CONVERSION = YES;
				CLANG_WARN_INFINITE_RECURSION = YES;
				CLANG_WARN_INT_CONVERSION = YES;
				CLANG_WARN_NON_LITERAL_NULL_CONVERSION = YES;
				CLANG_WARN_OBJC_IMPLICIT_RETAIN_SELF = YES;
				CLANG_WARN_OBJC_LITERAL_CONVERSION = YES;
				CLANG_WARN_OBJC_ROOT_CLASS = YES_ERROR;
				CLANG_WARN_QUOTED_INCLUDE_IN_FRAMEWORK_HEADER = YES;
				CLANG_WARN_RANGE_LOOP_ANALYSIS = YES;
				CLANG_WARN_STRICT_PROTOTYPES = YES;
				CLANG_WARN_SUSPICIOUS_MOVE = YES;
				CLANG_WARN_UNGUARDED_AVAILABILITY = YES_AGGRESSIVE;
				CLANG_WARN_UNREACHABLE_CODE = YES;
				CLANG_WARN__DUPLICATE_METHOD_MATCH = YES;
				COPY_PHASE_STRIP = NO;
				DEBUG_INFORMATION_FORMAT = "dwarf-with-dsym";
				ENABLE_NS_ASSERTIONS = NO;
				ENABLE_STRICT_OBJC_MSGSEND = YES;
				ENABLE_USER_SCRIPT_SANDBOXING = YES;
				GCC_C_LANGUAGE_STANDARD = gnu17;
				GCC_NO_COMMON_BLOCKS = YES;
				GCC_WARN_64_TO_32_BIT_CONVERSION = YES;
				GCC_WARN_ABOUT_RETURN_TYPE = YES_ERROR;
				GCC_WARN_UNDECLARED_SELECTOR = YES;
				GCC_WARN_UNINITIALIZED_AUTOS = YES_AGGRESSIVE;
				GCC_WARN_UNUSED_FUNCTION = YES;
				GCC_WARN_UNUSED_VARIABLE = YES;
				IPHONEOS_DEPLOYMENT_TARGET = 17.2;
				LOCALIZATION_PREFERS_STRING_CATALOGS = YES;
				MTL_ENABLE_DEBUG_INFO = NO;
				MTL_FAST_MATH = YES;
				SDKROOT = iphoneos;
				SWIFT_COMPILATION_MODE = wholemodule;
				VALIDATE_PRODUCT = YES;
			};
			name = Release;
		};
		41D487D22C70DDAC007855B7 /* Debug */ = {
			isa = XCBuildConfiguration;
			buildSettings = {
				ASSETCATALOG_COMPILER_APPICON_NAME = AppIcon;
				ASSETCATALOG_COMPILER_GLOBAL_ACCENT_COLOR_NAME = AccentColor;
				CODE_SIGN_STYLE = Automatic;
				CURRENT_PROJECT_VERSION = 1;
				DEVELOPMENT_ASSET_PATHS = "\"HomeWorkWB5/Preview Content\"";
				DEVELOPMENT_TEAM = X84H3LFA4V;
				ENABLE_PREVIEWS = YES;
				GENERATE_INFOPLIST_FILE = YES;
				INFOPLIST_KEY_UIApplicationSceneManifest_Generation = YES;
				INFOPLIST_KEY_UIApplicationSupportsIndirectInputEvents = YES;
				INFOPLIST_KEY_UILaunchScreen_Generation = YES;
				INFOPLIST_KEY_UISupportedInterfaceOrientations_iPad = "UIInterfaceOrientationPortrait UIInterfaceOrientationPortraitUpsideDown UIInterfaceOrientationLandscapeLeft UIInterfaceOrientationLandscapeRight";
				INFOPLIST_KEY_UISupportedInterfaceOrientations_iPhone = "UIInterfaceOrientationPortrait UIInterfaceOrientationLandscapeLeft UIInterfaceOrientationLandscapeRight";
				LD_RUNPATH_SEARCH_PATHS = (
					"$(inherited)",
					"@executable_path/Frameworks",
				);
				MARKETING_VERSION = 1.0;
				PRODUCT_BUNDLE_IDENTIFIER = davidm.HomeWorkWB5;
				PRODUCT_NAME = "$(TARGET_NAME)";
				SWIFT_EMIT_LOC_STRINGS = YES;
				SWIFT_VERSION = 5.0;
				TARGETED_DEVICE_FAMILY = "1,2";
			};
			name = Debug;
		};
		41D487D32C70DDAC007855B7 /* Release */ = {
			isa = XCBuildConfiguration;
			buildSettings = {
				ASSETCATALOG_COMPILER_APPICON_NAME = AppIcon;
				ASSETCATALOG_COMPILER_GLOBAL_ACCENT_COLOR_NAME = AccentColor;
				CODE_SIGN_STYLE = Automatic;
				CURRENT_PROJECT_VERSION = 1;
				DEVELOPMENT_ASSET_PATHS = "\"HomeWorkWB5/Preview Content\"";
				DEVELOPMENT_TEAM = X84H3LFA4V;
				ENABLE_PREVIEWS = YES;
				GENERATE_INFOPLIST_FILE = YES;
				INFOPLIST_KEY_UIApplicationSceneManifest_Generation = YES;
				INFOPLIST_KEY_UIApplicationSupportsIndirectInputEvents = YES;
				INFOPLIST_KEY_UILaunchScreen_Generation = YES;
				INFOPLIST_KEY_UISupportedInterfaceOrientations_iPad = "UIInterfaceOrientationPortrait UIInterfaceOrientationPortraitUpsideDown UIInterfaceOrientationLandscapeLeft UIInterfaceOrientationLandscapeRight";
				INFOPLIST_KEY_UISupportedInterfaceOrientations_iPhone = "UIInterfaceOrientationPortrait UIInterfaceOrientationLandscapeLeft UIInterfaceOrientationLandscapeRight";
				LD_RUNPATH_SEARCH_PATHS = (
					"$(inherited)",
					"@executable_path/Frameworks",
				);
				MARKETING_VERSION = 1.0;
				PRODUCT_BUNDLE_IDENTIFIER = davidm.HomeWorkWB5;
				PRODUCT_NAME = "$(TARGET_NAME)";
				SWIFT_EMIT_LOC_STRINGS = YES;
				SWIFT_VERSION = 5.0;
				TARGETED_DEVICE_FAMILY = "1,2";
			};
			name = Release;
		};
/* End XCBuildConfiguration section */

/* Begin XCConfigurationList section */
		41D487BE2C70DDAA007855B7 /* Build configuration list for PBXProject "HomeWorkWB5" */ = {
			isa = XCConfigurationList;
			buildConfigurations = (
				41D487CF2C70DDAC007855B7 /* Debug */,
				41D487D02C70DDAC007855B7 /* Release */,
			);
			defaultConfigurationIsVisible = 0;
			defaultConfigurationName = Release;
		};
		41D487D12C70DDAC007855B7 /* Build configuration list for PBXNativeTarget "HomeWorkWB5" */ = {
			isa = XCConfigurationList;
			buildConfigurations = (
				41D487D22C70DDAC007855B7 /* Debug */,
				41D487D32C70DDAC007855B7 /* Release */,
			);
			defaultConfigurationIsVisible = 0;
			defaultConfigurationName = Release;
		};
/* End XCConfigurationList section */
	};
	rootObject = 41D487BB2C70DDA9007855B7 /* Project object */;
}
